
Microsoft Visual Studio Solution File, Format Version 12.00
# Visual Studio Version 16
VisualStudioVersion = 16.0.29102.190
MinimumVisualStudioVersion = 10.0.40219.1
Project("{9A19103F-16F7-4668-BE54-9A1E7A4F7556}") = "StbImageSharp", "StbImageSharp\StbImageSharp.csproj", "{7159E522-380D-42D5-9975-6046DE4A56DE}"
EndProject
Project("{9A19103F-16F7-4668-BE54-9A1E7A4F7556}") = "StbSharp.Shared", "..\modules\StbSharp.Shared\src\StbSharp.Shared\StbSharp.Shared.csproj", "{6F7DCE40-A7B9-490C-A35E-C4DA44A3F676}"
EndProject
Global
	GlobalSection(SolutionConfigurationPlatforms) = preSolution
		Debug|Any CPU = Debug|Any CPU
		Release|Any CPU = Release|Any CPU
	EndGlobalSection
	GlobalSection(ProjectConfigurationPlatforms) = postSolution
		{7159E522-380D-42D5-9975-6046DE4A56DE}.Debug|Any CPU.ActiveCfg = Debug|Any CPU
		{7159E522-380D-42D5-9975-6046DE4A56DE}.Debug|Any CPU.Build.0 = Debug|Any CPU
		{7159E522-380D-42D5-9975-6046DE4A56DE}.Release|Any CPU.ActiveCfg = Release|Any CPU
		{7159E522-380D-42D5-9975-6046DE4A56DE}.Release|Any CPU.Build.0 = Release|Any CPU
		{6F7DCE40-A7B9-490C-A35E-C4DA44A3F676}.Debug|Any CPU.ActiveCfg = Debug|Any CPU
		{6F7DCE40-A7B9-490C-A35E-C4DA44A3F676}.Debug|Any CPU.Build.0 = Debug|Any CPU
		{6F7DCE40-A7B9-490C-A35E-C4DA44A3F676}.Release|Any CPU.ActiveCfg = Release|Any CPU
		{6F7DCE40-A7B9-490C-A35E-C4DA44A3F676}.Release|Any CPU.Build.0 = Release|Any CPU
	EndGlobalSection
	GlobalSection(SolutionProperties) = preSolution
		HideSolutionNode = FALSE
	EndGlobalSection
	GlobalSection(ExtensibilityGlobals) = postSolution
		SolutionGuid = {180F1303-B761-45E5-A29A-04B9DB842022}
	EndGlobalSection
EndGlobal
